lockfileVersion: '6.0'

settings:
  autoInstallPeers: true
  excludeLinksFromLockfile: false

dependencies:
  '@types/diff':
    specifier: ^5.0.0
    version: 5.0.8
  diff:
    specifier: ^5.1.0
    version: 5.2.2

packages:

  /@types/diff@5.0.8:
    resolution: {integrity: sha512-kR0gRf0wMwpxQq6ME5s+tWk9zVCfJUl98eRkD05HWWRbhPB/eu4V1IbyZAsvzC1Gn4znBJ0HN01M4DGXdBEV8Q==}
    dev: false

  /diff@5.2.2:
    resolution: {integrity: sha512-vtcDfH3TOjP8UekytvnHH1o1P4FcUdt4eQ1Y+Abap1tk/OB2MWQvcwS2ClCd1zuIhc3JKOx6p3kod8Vfys3E+A==}
    engines: {node: '>=0.3.1'}
    dev: false
