lockfileVersion: '6.0'

settings:
  autoInstallPeers: true
  excludeLinksFromLockfile: false

dependencies:
  '@types/diff':
    specifier: ^5.0.0
    version: 5.0.8
  diff:
    specifier: ^5.1.0
    version: 5.1.0

packages:

  /@types/diff@5.0.8:
    resolution: {integrity: sha512-kR0gRf0wMwpxQq6ME5s+tWk9zVCfJUl98eRkD05HWWRbhPB/eu4V1IbyZAsvzC1Gn4znBJ0HN01M4DGXdBEV8Q==}
    dev: false

  /diff@5.1.0:
    resolution: {integrity: sha512-D+mk+qE8VC/PAUrlAU34N+VfXev0ghe5ywmpqrawphmVZc1bEfn56uo9qpyGp1p4xpzOHkSW4ztBd6L7Xx4ACw==}
    engines: {node: '>=0.3.1'}
    dev: false
